// !$*UTF8*$!
{
	archiveVersion = 1;
	classes = {
	};
	objectVersion = 50;
	objects = {

/* Begin PBXBuildFile section */
		9B5782A2267B9AAA00AC234A /* main.cpp in Sources */ = {isa = PBXBuildFile; fileRef = 9B5782A1267B9AAA00AC234A /* main.cpp */; };
		9B5782AB267B9C7800AC234A /* Bus.cpp in Sources */ = {isa = PBXBuildFile; fileRef = 9B5782A9267B9C7800AC234A /* Bus.cpp */; };
		9B5782AF267B9E3400AC234A /* Seat.cpp in Sources */ = {isa = PBXBuildFile; fileRef = 9B5782AD267B9E3400AC234A /* Seat.cpp */; };
		9B5782B3267B9E7B00AC234A /* User.cpp in Sources */ = {isa = PBXBuildFile; fileRef = 9B5782B1267B9E7B00AC234A /* User.cpp */; };
/* End PBXBuildFile section */

/* Begin PBXCopyFilesBuildPhase section */
		9B57829C267B9AAA00AC234A /* CopyFiles */ = {
			isa = PBXCopyFilesBuildPhase;
			buildActionMask = 2147483647;
			dstPath = /usr/share/man/man1/;
			dstSubfolderSpec = 0;
			files = (
			);
			runOnlyForDeploymentPostprocessing = 1;
		};
/* End PBXCopyFilesBuildPhase section */

/* Begin PBXFileReference section */
		9B57829E267B9AAA00AC234A /* Buses */ = {isa = PBXFileReference; explicitFileType = "compiled.mach-o.executable"; includeInIndex = 0; path = Buses; sourceTree = BUILT_PRODUCTS_DIR; };
		9B5782A1267B9AAA00AC234A /* main.cpp */ = {isa = PBXFileReference; lastKnownFileType = sourcecode.cpp.cpp; path = main.cpp; sourceTree = "<group>"; };
		9B5782A9267B9C7800AC234A /* Bus.cpp */ = {isa = PBXFileReference; lastKnownFileType = sourcecode.cpp.cpp; path = Bus.cpp; sourceTree = "<group>"; };
		9B5782AA267B9C7800AC234A /* Bus.hpp */ = {isa = PBXFileReference; lastKnownFileType = sourcecode.cpp.h; path = Bus.hpp; sourceTree = "<group>"; };
		9B5782AD267B9E3400AC234A /* Seat.cpp */ = {isa = PBXFileReference; lastKnownFileType = sourcecode.cpp.cpp; path = Seat.cpp; sourceTree = "<group>"; };
		9B5782AE267B9E3400AC234A /* Seat.hpp */ = {isa = PBXFileReference; lastKnownFileType = sourcecode.cpp.h; path = Seat.hpp; sourceTree = "<group>"; };
		9B5782B1267B9E7B00AC234A /* User.cpp */ = {isa = PBXFileReference; lastKnownFileType = sourcecode.cpp.cpp; path = User.cpp; sourceTree = "<group>"; };
		9B5782B2267B9E7B00AC234A /* User.hpp */ = {isa = PBXFileReference; lastKnownFileType = sourcecode.cpp.h; path = User.hpp; sourceTree = "<group>"; };
/* End PBXFileReference section */

/* Begin PBXFrameworksBuildPhase section */
		9B57829B267B9AAA00AC234A /* Frameworks */ = {
			isa = PBXFrameworksBuildPhase;
			buildActionMask = 2147483647;
			files = (
			);
			runOnlyForDeploymentPostprocessing = 0;
		};
/* End PBXFrameworksBuildPhase section */

/* Begin PBXGroup section */
		9B578295267B9AAA00AC234A = {
			isa = PBXGroup;
			children = (
				9B5782A0267B9AAA00AC234A /* Buses */,
				9B57829F267B9AAA00AC234A /* Products */,
			);
			sourceTree = "<group>";
		};
		9B57829F267B9AAA00AC234A /* Products */ = {
			isa = PBXGroup;
			children = (
				9B57829E267B9AAA00AC234A /* Buses */,
			);
			name = Products;
			sourceTree = "<group>";
		};
		9B5782A0267B9AAA00AC234A /* Buses */ = {
			isa = PBXGroup;
			children = (
				9B5782A1267B9AAA00AC234A /* main.cpp */,
				9B5782A9267B9C7800AC234A /* Bus.cpp */,
				9B5782AA267B9C7800AC234A /* Bus.hpp */,
				9B5782AD267B9E3400AC234A /* Seat.cpp */,
				9B5782AE267B9E3400AC234A /* Seat.hpp */,
				9B5782B1267B9E7B00AC234A /* User.cpp */,
				9B5782B2267B9E7B00AC234A /* User.hpp */,
			);
			path = Buses;
			sourceTree = "<group>";
		};
/* End PBXGroup section */

/* Begin PBXNativeTarget section */
		9B57829D267B9AAA00AC234A /* Buses */ = {
			isa = PBXNativeTarget;
			buildConfigurationList = 9B5782A5267B9AAA00AC234A /* Build configuration list for PBXNativeTarget "Buses" */;
			buildPhases = (
				9B57829A267B9AAA00AC234A /* Sources */,
				9B57829B267B9AAA00AC234A /* Frameworks */,
				9B57829C267B9AAA00AC234A /* CopyFiles */,
			);
			buildRules = (
			);
			dependencies = (
			);
			name = Buses;
			productName = Buses;
			productReference = 9B57829E267B9AAA00AC234A /* Buses */;
			productType = "com.apple.product-type.tool";
		};
/* End PBXNativeTarget section */

/* Begin PBXProject section */
		9B578296267B9AAA00AC234A /* Project object */ = {
			isa = PBXProject;
			attributes = {
				LastUpgradeCheck = 1240;
				TargetAttributes = {
					9B57829D267B9AAA00AC234A = {
						CreatedOnToolsVersion = 12.4;
					};
				};
			};
			buildConfigurationList = 9B578299267B9AAA00AC234A /* Build configuration list for PBXProject "Buses" */;
			compatibilityVersion = "Xcode 9.3";
			developmentRegion = en;
			hasScannedForEncodings = 0;
			knownRegions = (
				en,
				Base,
			);
			mainGroup = 9B578295267B9AAA00AC234A;
			productRefGroup = 9B57829F267B9AAA00AC234A /* Products */;
			projectDirPath = "";
			projectRoot = "";
			targets = (
				9B57829D267B9AAA00AC234A /* Buses */,
			);
		};
/* End PBXProject section */

/* Begin PBXSourcesBuildPhase section */
		9B57829A267B9AAA00AC234A /* Sources */ = {
			isa = PBXSourcesBuildPhase;
			buildActionMask = 2147483647;
			files = (
				9B5782B3267B9E7B00AC234A /* User.cpp in Sources */,
				9B5782AF267B9E3400AC234A /* Seat.cpp in Sources */,
				9B5782AB267B9C7800AC234A /* Bus.cpp in Sources */,
				9B5782A2267B9AAA00AC234A /* main.cpp in Sources */,
			);
			runOnlyForDeploymentPostprocessing = 0;
		};
/* End PBXSourcesBuildPhase section */

/* Begin XCBuildConfiguration section */
		9B5782A3267B9AAA00AC234A /* Debug */ = {
			isa = XCBuildConfiguration;
			buildSettings = {
				ALWAYS_SEARCH_USER_PATHS = NO;
				CLANG_ANALYZER_NONNULL = YES;
				CLANG_ANALYZER_NUMBER_OBJECT_CONVERSION = YES_AGGRESSIVE;
				CLANG_CXX_LANGUAGE_STANDARD = "gnu++14";
				CLANG_CXX_LIBRARY = "libc++";
				CLANG_ENABLE_MODULES = YES;
				CLANG_ENABLE_OBJC_ARC = YES;
				CLANG_ENABLE_OBJC_WEAK = YES;
				CLANG_WARN_BLOCK_CAPTURE_AUTORELEASING = YES;
				CLANG_WARN_BOOL_CONVERSION = YES;
				CLANG_WARN_COMMA = YES;
				CLANG_WARN_CONSTANT_CONVERSION = YES;
				CLANG_WARN_DEPRECATED_OBJC_IMPLEMENTATIONS = YES;
				CLANG_WARN_DIRECT_OBJC_ISA_USAGE = YES_ERROR;
				CLANG_WARN_DOCUMENTATION_COMMENTS = YES;
				CLANG_WARN_EMPTY_BODY = YES;
				CLANG_WARN_ENUM_CONVERSION = YES;
				CLANG_WARN_INFINITE_RECURSION = YES;
				CLANG_WARN_INT_CONVERSION = YES;
				CLANG_WARN_NON_LITERAL_NULL_CONVERSION = YES;
				CLANG_WARN_OBJC_IMPLICIT_RETAIN_SELF = YES;
				CLANG_WARN_OBJC_LITERAL_CONVERSION = YES;
				CLANG_WARN_OBJC_ROOT_CLASS = YES_ERROR;
				CLANG_WARN_QUOTED_INCLUDE_IN_FRAMEWORK_HEADER = YES;
				CLANG_WARN_RANGE_LOOP_ANALYSIS = YES;
				CLANG_WARN_STRICT_PROTOTYPES = YES;
				CLANG_WARN_SUSPICIOUS_MOVE = YES;
				CLANG_WARN_UNGUARDED_AVAILABILITY = YES_AGGRESSIVE;
				CLANG_WARN_UNREACHABLE_CODE = YES;
				CLANG_WARN__DUPLICATE_METHOD_MATCH = YES;
				COPY_PHASE_STRIP = NO;
				DEBUG_INFORMATION_FORMAT = dwarf;
				ENABLE_STRICT_OBJC_MSGSEND = YES;
				ENABLE_TESTABILITY = YES;
				GCC_C_LANGUAGE_STANDARD = gnu11;
				GCC_DYNAMIC_NO_PIC = NO;
				GCC_NO_COMMON_BLOCKS = YES;
				GCC_OPTIMIZATION_LEVEL = 0;
				GCC_PREPROCESSOR_DEFINITIONS = (
					"DEBUG=1",
					"$(inherited)",
				);
				GCC_WARN_64_TO_32_BIT_CONVERSION = YES;
				GCC_WARN_ABOUT_RETURN_TYPE = YES_ERROR;
				GCC_WARN_UNDECLARED_SELECTOR = YES;
				GCC_WARN_UNINITIALIZED_AUTOS = YES_AGGRESSIVE;
				GCC_WARN_UNUSED_FUNCTION = YES;
				GCC_WARN_UNUSED_VARIABLE = YES;
				MACOSX_DEPLOYMENT_TARGET = 11.0;
				MTL_ENABLE_DEBUG_INFO = INCLUDE_SOURCE;
				MTL_FAST_MATH = YES;
				ONLY_ACTIVE_ARCH = YES;
				SDKROOT = macosx;
			};
			name = Debug;
		};
		9B5782A4267B9AAA00AC234A /* Release */ = {
			isa = XCBuildConfiguration;
			buildSettings = {
				ALWAYS_SEARCH_USER_PATHS = NO;
				CLANG_ANALYZER_NONNULL = YES;
				CLANG_ANALYZER_NUMBER_OBJECT_CONVERSION = YES_AGGRESSIVE;
				CLANG_CXX_LANGUAGE_STANDARD = "gnu++14";
				CLANG_CXX_LIBRARY = "libc++";
				CLANG_ENABLE_MODULES = YES;
				CLANG_ENABLE_OBJC_ARC = YES;
				CLANG_ENABLE_OBJC_WEAK = YES;
				CLANG_WARN_BLOCK_CAPTURE_AUTORELEASING = YES;
				CLANG_WARN_BOOL_CONVERSION = YES;
				CLANG_WARN_COMMA = YES;
				CLANG_WARN_CONSTANT_CONVERSION = YES;
				CLANG_WARN_DEPRECATED_OBJC_IMPLEMENTATIONS = YES;
				CLANG_WARN_DIRECT_OBJC_ISA_USAGE = YES_ERROR;
				CLANG_WARN_DOCUMENTATION_COMMENTS = YES;
				CLANG_WARN_EMPTY_BODY = YES;
				CLANG_WARN_ENUM_CONVERSION = YES;
				CLANG_WARN_INFINITE_RECURSION = YES;
				CLANG_WARN_INT_CONVERSION = YES;
				CLANG_WARN_NON_LITERAL_NULL_CONVERSION = YES;
				CLANG_WARN_OBJC_IMPLICIT_RETAIN_SELF = YES;
				CLANG_WARN_OBJC_LITERAL_CONVERSION = YES;
				CLANG_WARN_OBJC_ROOT_CLASS = YES_ERROR;
				CLANG_WARN_QUOTED_INCLUDE_IN_FRAMEWORK_HEADER = YES;
				CLANG_WARN_RANGE_LOOP_ANALYSIS = YES;
				CLANG_WARN_STRICT_PROTOTYPES = YES;
				CLANG_WARN_SUSPICIOUS_MOVE = YES;
				CLANG_WARN_UNGUARDED_AVAILABILITY = YES_AGGRESSIVE;
				CLANG_WARN_UNREACHABLE_CODE = YES;
				CLANG_WARN__DUPLICATE_METHOD_MATCH = YES;
				COPY_PHASE_STRIP = NO;
				DEBUG_INFORMATION_FORMAT = "dwarf-with-dsym";
				ENABLE_NS_ASSERTIONS = NO;
				ENABLE_STRICT_OBJC_MSGSEND = YES;
				GCC_C_LANGUAGE_STANDARD = gnu11;
				GCC_NO_COMMON_BLOCKS = YES;
				GCC_WARN_64_TO_32_BIT_CONVERSION = YES;
				GCC_WARN_ABOUT_RETURN_TYPE = YES_ERROR;
				GCC_WARN_UNDECLARED_SELECTOR = YES;
				GCC_WARN_UNINITIALIZED_AUTOS = YES_AGGRESSIVE;
				GCC_WARN_UNUSED_FUNCTION = YES;
				GCC_WARN_UNUSED_VARIABLE = YES;
				MACOSX_DEPLOYMENT_TARGET = 11.0;
				MTL_ENABLE_DEBUG_INFO = NO;
				MTL_FAST_MATH = YES;
				SDKROOT = macosx;
			};
			name = Release;
		};
		9B5782A6267B9AAA00AC234A /* Debug */ = {
			isa = XCBuildConfiguration;
			buildSettings = {
				CODE_SIGN_STYLE = Automatic;
				PRODUCT_NAME = "$(TARGET_NAME)";
			};
			name = Debug;
		};
		9B5782A7267B9AAA00AC234A /* Release */ = {
			isa = XCBuildConfiguration;
			buildSettings = {
				CODE_SIGN_STYLE = Automatic;
				PRODUCT_NAME = "$(TARGET_NAME)";
			};
			name = Release;
		};
/* End XCBuildConfiguration section */

/* Begin XCConfigurationList section */
		9B578299267B9AAA00AC234A /* Build configuration list for PBXProject "Buses" */ = {
			isa = XCConfigurationList;
			buildConfigurations = (
				9B5782A3267B9AAA00AC234A /* Debug */,
				9B5782A4267B9AAA00AC234A /* Release */,
			);
			defaultConfigurationIsVisible = 0;
			defaultConfigurationName = Release;
		};
		9B5782A5267B9AAA00AC234A /* Build configuration list for PBXNativeTarget "Buses" */ = {
			isa = XCConfigurationList;
			buildConfigurations = (
				9B5782A6267B9AAA00AC234A /* Debug */,
				9B5782A7267B9AAA00AC234A /* Release */,
			);
			defaultConfigurationIsVisible = 0;
			defaultConfigurationName = Release;
		};
/* End XCConfigurationList section */
	};
	rootObject = 9B578296267B9AAA00AC234A /* Project object */;
}
